
Microsoft Visual Studio Solution File, Format Version 12.00
# Visual Studio Version 17
VisualStudioVersion = 17.8.34330.188
MinimumVisualStudioVersion = 10.0.40219.1
Project("{9A19103F-16F7-4668-BE54-9A1E7A4F7556}") = "verbum-service-web-api", "verbum-service-web-api\verbum-service-web-api.csproj", "{5257DED4-B2DE-41C4-B4C5-195EC652CC60}"
EndProject
Project("{9A19103F-16F7-4668-BE54-9A1E7A4F7556}") = "verbum-service-application", "verbum-service-application\verbum-service-application.csproj", "{5479E2C3-CA54-4387-90E3-34CD29A70954}"
EndProject
Project("{9A19103F-16F7-4668-BE54-9A1E7A4F7556}") = "verbum-service-domain", "verbum-service-domain\verbum-service-domain.csproj", "{70E794F2-095A-4525-B796-152BAB3CCA43}"
EndProject
Project("{9A19103F-16F7-4668-BE54-9A1E7A4F7556}") = "verbum-service-infrastructure", "verbum-service-infrastructure\verbum-service-infrastructure.csproj", "{637DAD9B-312B-4C9F-AA39-C26A7A8E68D2}"
EndProject
Project("{2150E333-8FDC-42A3-9474-1A3956D46DE8}") = "Solution Items", "Solution Items", "{E3E24486-C40F-47BF-AA8F-63AFF89142D0}"
	ProjectSection(SolutionItems) = preProject
		.editorconfig = .editorconfig
	EndProjectSection
EndProject
Project("{FAE04EC0-301F-11D3-BF4B-00C04F79EFBC}") = "verbum_service_test", "verbum_service_test\verbum_service_test.csproj", "{A7AA1A85-85C8-4FC6-9FD5-C253CE856331}"
EndProject
Global
	GlobalSection(SolutionConfigurationPlatforms) = preSolution
		Debug|Any CPU = Debug|Any CPU
		Release|Any CPU = Release|Any CPU
	EndGlobalSection
	GlobalSection(ProjectConfigurationPlatforms) = postSolution
		{5257DED4-B2DE-41C4-B4C5-195EC652CC60}.Debug|Any CPU.ActiveCfg = Debug|Any CPU
		{5257DED4-B2DE-41C4-B4C5-195EC652CC60}.Debug|Any CPU.Build.0 = Debug|Any CPU
		{5257DED4-B2DE-41C4-B4C5-195EC652CC60}.Release|Any CPU.ActiveCfg = Release|Any CPU
		{5257DED4-B2DE-41C4-B4C5-195EC652CC60}.Release|Any CPU.Build.0 = Release|Any CPU
		{5479E2C3-CA54-4387-90E3-34CD29A70954}.Debug|Any CPU.ActiveCfg = Debug|Any CPU
		{5479E2C3-CA54-4387-90E3-34CD29A70954}.Debug|Any CPU.Build.0 = Debug|Any CPU
		{5479E2C3-CA54-4387-90E3-34CD29A70954}.Release|Any CPU.ActiveCfg = Release|Any CPU
		{5479E2C3-CA54-4387-90E3-34CD29A70954}.Release|Any CPU.Build.0 = Release|Any CPU
		{70E794F2-095A-4525-B796-152BAB3CCA43}.Debug|Any CPU.ActiveCfg = Debug|Any CPU
		{70E794F2-095A-4525-B796-152BAB3CCA43}.Debug|Any CPU.Build.0 = Debug|Any CPU
		{70E794F2-095A-4525-B796-152BAB3CCA43}.Release|Any CPU.ActiveCfg = Release|Any CPU
		{70E794F2-095A-4525-B796-152BAB3CCA43}.Release|Any CPU.Build.0 = Release|Any CPU
		{637DAD9B-312B-4C9F-AA39-C26A7A8E68D2}.Debug|Any CPU.ActiveCfg = Debug|Any CPU
		{637DAD9B-312B-4C9F-AA39-C26A7A8E68D2}.Debug|Any CPU.Build.0 = Debug|Any CPU
		{637DAD9B-312B-4C9F-AA39-C26A7A8E68D2}.Release|Any CPU.ActiveCfg = Release|Any CPU
		{637DAD9B-312B-4C9F-AA39-C26A7A8E68D2}.Release|Any CPU.Build.0 = Release|Any CPU
		{A7AA1A85-85C8-4FC6-9FD5-C253CE856331}.Debug|Any CPU.ActiveCfg = Debug|Any CPU
		{A7AA1A85-85C8-4FC6-9FD5-C253CE856331}.Debug|Any CPU.Build.0 = Debug|Any CPU
		{A7AA1A85-85C8-4FC6-9FD5-C253CE856331}.Release|Any CPU.ActiveCfg = Release|Any CPU
		{A7AA1A85-85C8-4FC6-9FD5-C253CE856331}.Release|Any CPU.Build.0 = Release|Any CPU
	EndGlobalSection
	GlobalSection(SolutionProperties) = preSolution
		HideSolutionNode = FALSE
	EndGlobalSection
	GlobalSection(ExtensibilityGlobals) = postSolution
		SolutionGuid = {37E8D7E9-C926-4EF1-925D-F2CCD2780365}
	EndGlobalSection
EndGlobal
